
Microsoft Visual Studio Solution File, Format Version 12.00
# Visual Studio Version 17
VisualStudioVersion = 17.7.34202.233
MinimumVisualStudioVersion = 10.0.40219.1
Project("{FAE04EC0-301F-11D3-BF4B-00C04F79EFBC}") = "GTAIVDowngradeUtilityWPF", "GTAIVDowngradeUtilityWPF.csproj", "{D81F4BC6-A09C-4D9B-BBD4-EA47B604B94D}"
EndProject
Global
	GlobalSection(SolutionConfigurationPlatforms) = preSolution
		Debug|Any CPU = Debug|Any CPU
		Release|Any CPU = Release|Any CPU
	EndGlobalSection
	GlobalSection(ProjectConfigurationPlatforms) = postSolution
		{D81F4BC6-A09C-4D9B-BBD4-EA47B604B94D}.Debug|Any CPU.ActiveCfg = Debug|Any CPU
		{D81F4BC6-A09C-4D9B-BBD4-EA47B604B94D}.Debug|Any CPU.Build.0 = Debug|Any CPU
		{D81F4BC6-A09C-4D9B-BBD4-EA47B604B94D}.Release|Any CPU.ActiveCfg = Release|Any CPU
		{D81F4BC6-A09C-4D9B-BBD4-EA47B604B94D}.Release|Any CPU.Build.0 = Release|Any CPU
	EndGlobalSection
	GlobalSection(SolutionProperties) = preSolution
		HideSolutionNode = FALSE
	EndGlobalSection
	GlobalSection(ExtensibilityGlobals) = postSolution
		SolutionGuid = {E59C87C1-C1B6-40D4-B556-6CEF486B8729}
	EndGlobalSection
EndGlobal
